
Microsoft Visual Studio Solution File, Format Version 12.00
# Visual Studio Version 17
VisualStudioVersion = 17.5.33516.290
MinimumVisualStudioVersion = 10.0.40219.1
Project("{9A19103F-16F7-4668-BE54-9A1E7A4F7556}") = "CodeAcademy.Core", "CodeAcademy.Core\CodeAcademy.Core.csproj", "{E498D477-131F-4F0C-AB9D-C4581E7EAAE3}"
EndProject
Project("{9A19103F-16F7-4668-BE54-9A1E7A4F7556}") = "CodeAcademy.Data Acsess", "CodeAcademy.Data Acsess\CodeAcademy.Data Acsess.csproj", "{A94EFA63-9C6F-44DE-8914-9449AA962E71}"
EndProject
Project("{FAE04EC0-301F-11D3-BF4B-00C04F79EFBC}") = "Academy, Business", "Academy, Business\Academy, Business.csproj", "{3EDBCB52-EB53-476E-9147-9ABEDB2C8D06}"
EndProject
Global
	GlobalSection(SolutionConfigurationPlatforms) = preSolution
		Debug|Any CPU = Debug|Any CPU
		Release|Any CPU = Release|Any CPU
	EndGlobalSection
	GlobalSection(ProjectConfigurationPlatforms) = postSolution
		{E498D477-131F-4F0C-AB9D-C4581E7EAAE3}.Debug|Any CPU.ActiveCfg = Debug|Any CPU
		{E498D477-131F-4F0C-AB9D-C4581E7EAAE3}.Debug|Any CPU.Build.0 = Debug|Any CPU
		{E498D477-131F-4F0C-AB9D-C4581E7EAAE3}.Release|Any CPU.ActiveCfg = Release|Any CPU
		{E498D477-131F-4F0C-AB9D-C4581E7EAAE3}.Release|Any CPU.Build.0 = Release|Any CPU
		{A94EFA63-9C6F-44DE-8914-9449AA962E71}.Debug|Any CPU.ActiveCfg = Debug|Any CPU
		{A94EFA63-9C6F-44DE-8914-9449AA962E71}.Debug|Any CPU.Build.0 = Debug|Any CPU
		{A94EFA63-9C6F-44DE-8914-9449AA962E71}.Release|Any CPU.ActiveCfg = Release|Any CPU
		{A94EFA63-9C6F-44DE-8914-9449AA962E71}.Release|Any CPU.Build.0 = Release|Any CPU
		{3EDBCB52-EB53-476E-9147-9ABEDB2C8D06}.Debug|Any CPU.ActiveCfg = Debug|Any CPU
		{3EDBCB52-EB53-476E-9147-9ABEDB2C8D06}.Debug|Any CPU.Build.0 = Debug|Any CPU
		{3EDBCB52-EB53-476E-9147-9ABEDB2C8D06}.Release|Any CPU.ActiveCfg = Release|Any CPU
		{3EDBCB52-EB53-476E-9147-9ABEDB2C8D06}.Release|Any CPU.Build.0 = Release|Any CPU
	EndGlobalSection
	GlobalSection(SolutionProperties) = preSolution
		HideSolutionNode = FALSE
	EndGlobalSection
	GlobalSection(ExtensibilityGlobals) = postSolution
		SolutionGuid = {B4A588F9-8D79-4200-9E5F-C89BB51CAD8F}
	EndGlobalSection
EndGlobal
